# THIS IS AN AUTOGENERATED FILE. DO NOT EDIT THIS FILE DIRECTLY.
# yarn lockfile v1


node-mdaemon-api@^23.0.0-alpha.21:
  version "23.0.0-alpha.21"
  resolved "https://registry.yarnpkg.com/node-mdaemon-api/-/node-mdaemon-api-23.0.0-alpha.21.tgz#d1e95cb3228863eb08863f6cfab3219df558d327"
  integrity sha512-LItjMKLljX3sovxPgMvBaNZkMYmvzTGVjdSesLQofjqtn9i8Ei0U+WbFTThmRJ/+9BMkJnlotVgdaUTWhe57qw==
