# THIS IS AN AUTOGENERATED FILE. DO NOT EDIT THIS FILE DIRECTLY.
# yarn lockfile v1


node-mdaemon-api@^23.5.3-alpha.27:
  version "23.5.3-alpha.27"
  resolved "https://registry.yarnpkg.com/node-mdaemon-api/-/node-mdaemon-api-23.5.3-alpha.27.tgz#36d0790fcef29019b0be0e7d58a6ef1da3fc2921"
  integrity sha512-5UmXdzI13pXY1vbqPbyNXOEBy44RqhpXpGPaY/R9YglhJbXEOiV6Cdom1aPftM6Gfwo1fa6gbxJc0jEfAt1uVA==
